
Microsoft Visual Studio Solution File, Format Version 12.00
# Visual Studio Version 17
VisualStudioVersion = 17.11.35303.130
MinimumVisualStudioVersion = 10.0.40219.1
Project("{2150E333-8FDC-42A3-9474-1A3956D46DE8}") = "Task0", "Task0", "{CD371D54-6D62-41AF-90AA-07878975A6F5}"
EndProject
Project("{9A19103F-16F7-4668-BE54-9A1E7A4F7556}") = "Tyuiu.StoyakinNM.Sprint1.Task0.V15", "Tyuiu.StoyakinNM.Sprint1.Task0.V15\Tyuiu.StoyakinNM.Sprint1.Task0.V15.csproj", "{4A172858-3B7E-4863-A334-60CFF097C2AB}"
EndProject
Project("{9A19103F-16F7-4668-BE54-9A1E7A4F7556}") = "Tyuiu.StoyakinNM.Sprint1.Task0.V15.Lib", "Tyuiu.StoyakinNM.Sprint1.Task0.V15.Lib\Tyuiu.StoyakinNM.Sprint1.Task0.V15.Lib.csproj", "{5B8E8DD1-89E6-49B4-BD09-B6AE93FE5DCB}"
EndProject
Project("{9A19103F-16F7-4668-BE54-9A1E7A4F7556}") = "Tyuiu.StoyakinNM.Sprint1.Task0.V15.Test", "Tyuiu.StoyakinNM.Sprint1.Task0.V15.Test\Tyuiu.StoyakinNM.Sprint1.Task0.V15.Test.csproj", "{719BC1CA-F422-414B-8347-BA2999392489}"
EndProject
Project("{2150E333-8FDC-42A3-9474-1A3956D46DE8}") = "Task1", "Task1", "{5629FAB4-61C6-4449-A105-B761E3E8C032}"
EndProject
Project("{9A19103F-16F7-4668-BE54-9A1E7A4F7556}") = "Tyuiu.StoyakinNM.Sprint1.Task1.V12", "Tyuiu.StoyakinNM.Sprint1.Task1.V12\Tyuiu.StoyakinNM.Sprint1.Task1.V12.csproj", "{A3003539-4D95-4601-91E0-9E15C13ACE0F}"
EndProject
Project("{9A19103F-16F7-4668-BE54-9A1E7A4F7556}") = "Tyuiu.StoyakinNM.Sprint1.Task1.V12.Lib", "Tyuiu.StoyakinNM.Sprint1.Task1.V12.Lib\Tyuiu.StoyakinNM.Sprint1.Task1.V12.Lib.csproj", "{7551CAF9-B88F-4368-9693-75E506F01EFC}"
EndProject
Project("{9A19103F-16F7-4668-BE54-9A1E7A4F7556}") = "Tyuiu.StoyakinNM.Sprint1.Task1.V12.Test", "Tyuiu.StoyakinNM.Sprint1.Task1.V12.Test\Tyuiu.StoyakinNM.Sprint1.Task1.V12.Test.csproj", "{FAADA8EC-F9A1-44A7-8262-F3BFBC4394B4}"
EndProject
Project("{2150E333-8FDC-42A3-9474-1A3956D46DE8}") = "Task2", "Task2", "{14ACD669-B973-465A-A45D-4012AE2D05A8}"
EndProject
Project("{9A19103F-16F7-4668-BE54-9A1E7A4F7556}") = "Tyuiu.StoyakinNM.Sprint1.Task2.V26", "Tyuiu.StoyakinNM.Sprint1.Task2.V26\Tyuiu.StoyakinNM.Sprint1.Task2.V26.csproj", "{34B2DA4A-0979-4B26-97B6-572877E0FC8C}"
EndProject
Project("{9A19103F-16F7-4668-BE54-9A1E7A4F7556}") = "Tyuiu.StoyakinNM.Sprint1.Task2.V26.Lib", "Tyuiu.StoyakinNM.Sprint1.Task2.V26.Lib\Tyuiu.StoyakinNM.Sprint1.Task2.V26.Lib.csproj", "{9437D677-1D96-4C98-9CF0-EDEAA15CDAD2}"
EndProject
Project("{9A19103F-16F7-4668-BE54-9A1E7A4F7556}") = "Tyuiu.StoyakinNM.Sprint1.Task2.V26.Test", "Tyuiu.StoyakinNM.Sprint1.Task2.V26.Test\Tyuiu.StoyakinNM.Sprint1.Task2.V26.Test.csproj", "{57CED8CA-AF74-4D51-B2D5-48F96808D603}"
EndProject
Project("{2150E333-8FDC-42A3-9474-1A3956D46DE8}") = "Task3", "Task3", "{1C433F80-1CBE-4662-AAC3-5AEC36D41BA5}"
EndProject
Project("{9A19103F-16F7-4668-BE54-9A1E7A4F7556}") = "Tyuiu.StoyakinNM.Sprint1.Task3.V7", "Tyuiu.StoyakinNM.Sprint1.Task3.V7\Tyuiu.StoyakinNM.Sprint1.Task3.V7.csproj", "{EFDE6DD2-F504-4A3D-B89E-C850B1B8DF6B}"
EndProject
Project("{9A19103F-16F7-4668-BE54-9A1E7A4F7556}") = "Tyuiu.StoyakinNM.Sprint1.Task3.V7.Lib", "Tyuiu.StoyakinNM.Sprint1.Task3.V7.Lib\Tyuiu.StoyakinNM.Sprint1.Task3.V7.Lib.csproj", "{F44B9C03-E9B4-4196-8290-4D2F41E051CB}"
EndProject
Project("{9A19103F-16F7-4668-BE54-9A1E7A4F7556}") = "Tyuiu.StoyakinNM.Sprint1.Task3.V7.Test", "Tyuiu.StoyakinNM.Sprint1.Task3.V7.Test\Tyuiu.StoyakinNM.Sprint1.Task3.V7.Test.csproj", "{C514CF39-6F50-4559-95E0-2E52F6AFF4BB}"
EndProject
Project("{2150E333-8FDC-42A3-9474-1A3956D46DE8}") = "Task4", "Task4", "{E0B8155F-D009-42A0-A7C6-CD27ADE5397B}"
EndProject
Project("{FAE04EC0-301F-11D3-BF4B-00C04F79EFBC}") = "Tyuiu.StoyakinNM.Sprint1.Task4.V19", "Tyuiu.StoyakinNM.Sprint1.Task4.V19\Tyuiu.StoyakinNM.Sprint1.Task4.V19.csproj", "{66512392-B604-4345-B7D5-058FDD3D11BB}"
EndProject
Project("{FAE04EC0-301F-11D3-BF4B-00C04F79EFBC}") = "Tyuiu.StoyakinNM.Sprint1.Task4.V19.Lib", "Tyuiu.StoyakinNM.Sprint1.Task4.V19.Lib\Tyuiu.StoyakinNM.Sprint1.Task4.V19.Lib.csproj", "{FD6FCD78-2FE2-42FC-B8D1-511209D1FEDA}"
EndProject
Project("{FAE04EC0-301F-11D3-BF4B-00C04F79EFBC}") = "Tyuiu.StoyakinNM.Sprint1.Task4.V19.Test", "Tyuiu.StoyakinNM.Sprint1.Task4.V19.Test\Tyuiu.StoyakinNM.Sprint1.Task4.V19.Test.csproj", "{2518DB24-C648-459E-9A43-FF633D850F08}"
EndProject
Global
	GlobalSection(SolutionConfigurationPlatforms) = preSolution
		Debug|Any CPU = Debug|Any CPU
		Release|Any CPU = Release|Any CPU
	EndGlobalSection
	GlobalSection(ProjectConfigurationPlatforms) = postSolution
		{4A172858-3B7E-4863-A334-60CFF097C2AB}.Debug|Any CPU.ActiveCfg = Debug|Any CPU
		{4A172858-3B7E-4863-A334-60CFF097C2AB}.Debug|Any CPU.Build.0 = Debug|Any CPU
		{4A172858-3B7E-4863-A334-60CFF097C2AB}.Release|Any CPU.ActiveCfg = Release|Any CPU
		{4A172858-3B7E-4863-A334-60CFF097C2AB}.Release|Any CPU.Build.0 = Release|Any CPU
		{5B8E8DD1-89E6-49B4-BD09-B6AE93FE5DCB}.Debug|Any CPU.ActiveCfg = Debug|Any CPU
		{5B8E8DD1-89E6-49B4-BD09-B6AE93FE5DCB}.Debug|Any CPU.Build.0 = Debug|Any CPU
		{5B8E8DD1-89E6-49B4-BD09-B6AE93FE5DCB}.Release|Any CPU.ActiveCfg = Release|Any CPU
		{5B8E8DD1-89E6-49B4-BD09-B6AE93FE5DCB}.Release|Any CPU.Build.0 = Release|Any CPU
		{719BC1CA-F422-414B-8347-BA2999392489}.Debug|Any CPU.ActiveCfg = Debug|Any CPU
		{719BC1CA-F422-414B-8347-BA2999392489}.Debug|Any CPU.Build.0 = Debug|Any CPU
		{719BC1CA-F422-414B-8347-BA2999392489}.Release|Any CPU.ActiveCfg = Release|Any CPU
		{719BC1CA-F422-414B-8347-BA2999392489}.Release|Any CPU.Build.0 = Release|Any CPU
		{A3003539-4D95-4601-91E0-9E15C13ACE0F}.Debug|Any CPU.ActiveCfg = Debug|Any CPU
		{A3003539-4D95-4601-91E0-9E15C13ACE0F}.Debug|Any CPU.Build.0 = Debug|Any CPU
		{A3003539-4D95-4601-91E0-9E15C13ACE0F}.Release|Any CPU.ActiveCfg = Release|Any CPU
		{A3003539-4D95-4601-91E0-9E15C13ACE0F}.Release|Any CPU.Build.0 = Release|Any CPU
		{7551CAF9-B88F-4368-9693-75E506F01EFC}.Debug|Any CPU.ActiveCfg = Debug|Any CPU
		{7551CAF9-B88F-4368-9693-75E506F01EFC}.Debug|Any CPU.Build.0 = Debug|Any CPU
		{7551CAF9-B88F-4368-9693-75E506F01EFC}.Release|Any CPU.ActiveCfg = Release|Any CPU
		{7551CAF9-B88F-4368-9693-75E506F01EFC}.Release|Any CPU.Build.0 = Release|Any CPU
		{FAADA8EC-F9A1-44A7-8262-F3BFBC4394B4}.Debug|Any CPU.ActiveCfg = Debug|Any CPU
		{FAADA8EC-F9A1-44A7-8262-F3BFBC4394B4}.Debug|Any CPU.Build.0 = Debug|Any CPU
		{FAADA8EC-F9A1-44A7-8262-F3BFBC4394B4}.Release|Any CPU.ActiveCfg = Release|Any CPU
		{FAADA8EC-F9A1-44A7-8262-F3BFBC4394B4}.Release|Any CPU.Build.0 = Release|Any CPU
		{34B2DA4A-0979-4B26-97B6-572877E0FC8C}.Debug|Any CPU.ActiveCfg = Debug|Any CPU
		{34B2DA4A-0979-4B26-97B6-572877E0FC8C}.Debug|Any CPU.Build.0 = Debug|Any CPU
		{34B2DA4A-0979-4B26-97B6-572877E0FC8C}.Release|Any CPU.ActiveCfg = Release|Any CPU
		{34B2DA4A-0979-4B26-97B6-572877E0FC8C}.Release|Any CPU.Build.0 = Release|Any CPU
		{9437D677-1D96-4C98-9CF0-EDEAA15CDAD2}.Debug|Any CPU.ActiveCfg = Debug|Any CPU
		{9437D677-1D96-4C98-9CF0-EDEAA15CDAD2}.Debug|Any CPU.Build.0 = Debug|Any CPU
		{9437D677-1D96-4C98-9CF0-EDEAA15CDAD2}.Release|Any CPU.ActiveCfg = Release|Any CPU
		{9437D677-1D96-4C98-9CF0-EDEAA15CDAD2}.Release|Any CPU.Build.0 = Release|Any CPU
		{57CED8CA-AF74-4D51-B2D5-48F96808D603}.Debug|Any CPU.ActiveCfg = Debug|Any CPU
		{57CED8CA-AF74-4D51-B2D5-48F96808D603}.Debug|Any CPU.Build.0 = Debug|Any CPU
		{57CED8CA-AF74-4D51-B2D5-48F96808D603}.Release|Any CPU.ActiveCfg = Release|Any CPU
		{57CED8CA-AF74-4D51-B2D5-48F96808D603}.Release|Any CPU.Build.0 = Release|Any CPU
		{EFDE6DD2-F504-4A3D-B89E-C850B1B8DF6B}.Debug|Any CPU.ActiveCfg = Debug|Any CPU
		{EFDE6DD2-F504-4A3D-B89E-C850B1B8DF6B}.Debug|Any CPU.Build.0 = Debug|Any CPU
		{EFDE6DD2-F504-4A3D-B89E-C850B1B8DF6B}.Release|Any CPU.ActiveCfg = Release|Any CPU
		{EFDE6DD2-F504-4A3D-B89E-C850B1B8DF6B}.Release|Any CPU.Build.0 = Release|Any CPU
		{F44B9C03-E9B4-4196-8290-4D2F41E051CB}.Debug|Any CPU.ActiveCfg = Debug|Any CPU
		{F44B9C03-E9B4-4196-8290-4D2F41E051CB}.Debug|Any CPU.Build.0 = Debug|Any CPU
		{F44B9C03-E9B4-4196-8290-4D2F41E051CB}.Release|Any CPU.ActiveCfg = Release|Any CPU
		{F44B9C03-E9B4-4196-8290-4D2F41E051CB}.Release|Any CPU.Build.0 = Release|Any CPU
		{C514CF39-6F50-4559-95E0-2E52F6AFF4BB}.Debug|Any CPU.ActiveCfg = Debug|Any CPU
		{C514CF39-6F50-4559-95E0-2E52F6AFF4BB}.Debug|Any CPU.Build.0 = Debug|Any CPU
		{C514CF39-6F50-4559-95E0-2E52F6AFF4BB}.Release|Any CPU.ActiveCfg = Release|Any CPU
		{C514CF39-6F50-4559-95E0-2E52F6AFF4BB}.Release|Any CPU.Build.0 = Release|Any CPU
		{66512392-B604-4345-B7D5-058FDD3D11BB}.Debug|Any CPU.ActiveCfg = Debug|Any CPU
		{66512392-B604-4345-B7D5-058FDD3D11BB}.Debug|Any CPU.Build.0 = Debug|Any CPU
		{66512392-B604-4345-B7D5-058FDD3D11BB}.Release|Any CPU.ActiveCfg = Release|Any CPU
		{66512392-B604-4345-B7D5-058FDD3D11BB}.Release|Any CPU.Build.0 = Release|Any CPU
		{FD6FCD78-2FE2-42FC-B8D1-511209D1FEDA}.Debug|Any CPU.ActiveCfg = Debug|Any CPU
		{FD6FCD78-2FE2-42FC-B8D1-511209D1FEDA}.Debug|Any CPU.Build.0 = Debug|Any CPU
		{FD6FCD78-2FE2-42FC-B8D1-511209D1FEDA}.Release|Any CPU.ActiveCfg = Release|Any CPU
		{FD6FCD78-2FE2-42FC-B8D1-511209D1FEDA}.Release|Any CPU.Build.0 = Release|Any CPU
		{2518DB24-C648-459E-9A43-FF633D850F08}.Debug|Any CPU.ActiveCfg = Debug|Any CPU
		{2518DB24-C648-459E-9A43-FF633D850F08}.Debug|Any CPU.Build.0 = Debug|Any CPU
		{2518DB24-C648-459E-9A43-FF633D850F08}.Release|Any CPU.ActiveCfg = Release|Any CPU
		{2518DB24-C648-459E-9A43-FF633D850F08}.Release|Any CPU.Build.0 = Release|Any CPU
	EndGlobalSection
	GlobalSection(SolutionProperties) = preSolution
		HideSolutionNode = FALSE
	EndGlobalSection
	GlobalSection(NestedProjects) = preSolution
		{4A172858-3B7E-4863-A334-60CFF097C2AB} = {CD371D54-6D62-41AF-90AA-07878975A6F5}
		{5B8E8DD1-89E6-49B4-BD09-B6AE93FE5DCB} = {CD371D54-6D62-41AF-90AA-07878975A6F5}
		{719BC1CA-F422-414B-8347-BA2999392489} = {CD371D54-6D62-41AF-90AA-07878975A6F5}
		{A3003539-4D95-4601-91E0-9E15C13ACE0F} = {5629FAB4-61C6-4449-A105-B761E3E8C032}
		{7551CAF9-B88F-4368-9693-75E506F01EFC} = {5629FAB4-61C6-4449-A105-B761E3E8C032}
		{FAADA8EC-F9A1-44A7-8262-F3BFBC4394B4} = {5629FAB4-61C6-4449-A105-B761E3E8C032}
		{34B2DA4A-0979-4B26-97B6-572877E0FC8C} = {14ACD669-B973-465A-A45D-4012AE2D05A8}
		{9437D677-1D96-4C98-9CF0-EDEAA15CDAD2} = {14ACD669-B973-465A-A45D-4012AE2D05A8}
		{57CED8CA-AF74-4D51-B2D5-48F96808D603} = {14ACD669-B973-465A-A45D-4012AE2D05A8}
		{EFDE6DD2-F504-4A3D-B89E-C850B1B8DF6B} = {1C433F80-1CBE-4662-AAC3-5AEC36D41BA5}
		{F44B9C03-E9B4-4196-8290-4D2F41E051CB} = {1C433F80-1CBE-4662-AAC3-5AEC36D41BA5}
		{C514CF39-6F50-4559-95E0-2E52F6AFF4BB} = {1C433F80-1CBE-4662-AAC3-5AEC36D41BA5}
		{66512392-B604-4345-B7D5-058FDD3D11BB} = {E0B8155F-D009-42A0-A7C6-CD27ADE5397B}
		{FD6FCD78-2FE2-42FC-B8D1-511209D1FEDA} = {E0B8155F-D009-42A0-A7C6-CD27ADE5397B}
		{2518DB24-C648-459E-9A43-FF633D850F08} = {E0B8155F-D009-42A0-A7C6-CD27ADE5397B}
	EndGlobalSection
	GlobalSection(ExtensibilityGlobals) = postSolution
		SolutionGuid = {846CF4F2-C4EF-4878-ACC7-2D29BE62D636}
	EndGlobalSection
EndGlobal
